
Microsoft Visual Studio Solution File, Format Version 12.00
# Visual Studio 2012
Project("{FAE04EC0-301F-11D3-BF4B-00C04F79EFBC}") = "connectionChecker", "connectionChecker\connectionChecker.csproj", "{AA43D1A7-0F28-4864-8AB9-314E910B1BF7}"
	ProjectSection(ProjectDependencies) = postProject
		{7BB95258-7BA8-4D6E-8D97-F7231FFA57D4} = {7BB95258-7BA8-4D6E-8D97-F7231FFA57D4}
		{A0E3A994-07CA-4EE8-B343-BA144F4A1FCA} = {A0E3A994-07CA-4EE8-B343-BA144F4A1FCA}
		{4F56C1A8-F0F0-46B1-978C-2D461310BB1D} = {4F56C1A8-F0F0-46B1-978C-2D461310BB1D}
	EndProjectSection
EndProject
Project("{FAE04EC0-301F-11D3-BF4B-00C04F79EFBC}") = "DBConnection", "DBConnection\DBConnection.csproj", "{7BB95258-7BA8-4D6E-8D97-F7231FFA57D4}"
EndProject
Project("{FAE04EC0-301F-11D3-BF4B-00C04F79EFBC}") = "WPFControls", "CustomControls\WPFControls.csproj", "{4F56C1A8-F0F0-46B1-978C-2D461310BB1D}"
EndProject
Project("{FAE04EC0-301F-11D3-BF4B-00C04F79EFBC}") = "WinFormControls", "WinFormControls\WinFormControls.csproj", "{A0E3A994-07CA-4EE8-B343-BA144F4A1FCA}"
EndProject
Project("{FAE04EC0-301F-11D3-BF4B-00C04F79EFBC}") = "GestureFollower", "GestureFollower\GestureFollower.csproj", "{2589CF02-8C88-479A-B334-F1D389C4484D}"
	ProjectSection(ProjectDependencies) = postProject
		{C6F9C31B-6130-4443-A5CC-EF0664552ECD} = {C6F9C31B-6130-4443-A5CC-EF0664552ECD}
		{4F56C1A8-F0F0-46B1-978C-2D461310BB1D} = {4F56C1A8-F0F0-46B1-978C-2D461310BB1D}
		{617E95C8-3BDF-4D59-B21D-9280E1749049} = {617E95C8-3BDF-4D59-B21D-9280E1749049}
	EndProjectSection
EndProject
Project("{FAE04EC0-301F-11D3-BF4B-00C04F79EFBC}") = "Microsoft.Kinect.Toolkit", "Microsoft.Kinect.Toolkit\Microsoft.Kinect.Toolkit.csproj", "{C6F9C31B-6130-4443-A5CC-EF0664552ECD}"
EndProject
Project("{FAE04EC0-301F-11D3-BF4B-00C04F79EFBC}") = "Gestures", "Gestures\Gestures.csproj", "{617E95C8-3BDF-4D59-B21D-9280E1749049}"
EndProject
Project("{FAE04EC0-301F-11D3-BF4B-00C04F79EFBC}") = "Microsoft.Kinect.Toolkit.Controls", "Microsoft.Kinect.Toolkit.Controls\Microsoft.Kinect.Toolkit.Controls.csproj", "{4508C4D1-85BB-4F3F-9E3B-CC93D231C65D}"
EndProject
Global
	GlobalSection(SolutionConfigurationPlatforms) = preSolution
		Debug|Any CPU = Debug|Any CPU
		Debug|Mixed Platforms = Debug|Mixed Platforms
		Debug|x86 = Debug|x86
		Release|Any CPU = Release|Any CPU
		Release|Mixed Platforms = Release|Mixed Platforms
		Release|x86 = Release|x86
	EndGlobalSection
	GlobalSection(ProjectConfigurationPlatforms) = postSolution
		{AA43D1A7-0F28-4864-8AB9-314E910B1BF7}.Debug|Any CPU.ActiveCfg = Debug|Any CPU
		{AA43D1A7-0F28-4864-8AB9-314E910B1BF7}.Debug|Any CPU.Build.0 = Debug|Any CPU
		{AA43D1A7-0F28-4864-8AB9-314E910B1BF7}.Debug|Mixed Platforms.ActiveCfg = Debug|Any CPU
		{AA43D1A7-0F28-4864-8AB9-314E910B1BF7}.Debug|Mixed Platforms.Build.0 = Debug|Any CPU
		{AA43D1A7-0F28-4864-8AB9-314E910B1BF7}.Debug|x86.ActiveCfg = Debug|Any CPU
		{AA43D1A7-0F28-4864-8AB9-314E910B1BF7}.Release|Any CPU.ActiveCfg = Release|Any CPU
		{AA43D1A7-0F28-4864-8AB9-314E910B1BF7}.Release|Any CPU.Build.0 = Release|Any CPU
		{AA43D1A7-0F28-4864-8AB9-314E910B1BF7}.Release|Mixed Platforms.ActiveCfg = Release|Any CPU
		{AA43D1A7-0F28-4864-8AB9-314E910B1BF7}.Release|Mixed Platforms.Build.0 = Release|Any CPU
		{AA43D1A7-0F28-4864-8AB9-314E910B1BF7}.Release|x86.ActiveCfg = Release|Any CPU
		{7BB95258-7BA8-4D6E-8D97-F7231FFA57D4}.Debug|Any CPU.ActiveCfg = Debug|Any CPU
		{7BB95258-7BA8-4D6E-8D97-F7231FFA57D4}.Debug|Any CPU.Build.0 = Debug|Any CPU
		{7BB95258-7BA8-4D6E-8D97-F7231FFA57D4}.Debug|Mixed Platforms.ActiveCfg = Debug|Any CPU
		{7BB95258-7BA8-4D6E-8D97-F7231FFA57D4}.Debug|Mixed Platforms.Build.0 = Debug|Any CPU
		{7BB95258-7BA8-4D6E-8D97-F7231FFA57D4}.Debug|x86.ActiveCfg = Debug|Any CPU
		{7BB95258-7BA8-4D6E-8D97-F7231FFA57D4}.Release|Any CPU.ActiveCfg = Release|Any CPU
		{7BB95258-7BA8-4D6E-8D97-F7231FFA57D4}.Release|Any CPU.Build.0 = Release|Any CPU
		{7BB95258-7BA8-4D6E-8D97-F7231FFA57D4}.Release|Mixed Platforms.ActiveCfg = Release|Any CPU
		{7BB95258-7BA8-4D6E-8D97-F7231FFA57D4}.Release|Mixed Platforms.Build.0 = Release|Any CPU
		{7BB95258-7BA8-4D6E-8D97-F7231FFA57D4}.Release|x86.ActiveCfg = Release|Any CPU
		{4F56C1A8-F0F0-46B1-978C-2D461310BB1D}.Debug|Any CPU.ActiveCfg = Debug|Any CPU
		{4F56C1A8-F0F0-46B1-978C-2D461310BB1D}.Debug|Any CPU.Build.0 = Debug|Any CPU
		{4F56C1A8-F0F0-46B1-978C-2D461310BB1D}.Debug|Mixed Platforms.ActiveCfg = Debug|Any CPU
		{4F56C1A8-F0F0-46B1-978C-2D461310BB1D}.Debug|Mixed Platforms.Build.0 = Debug|Any CPU
		{4F56C1A8-F0F0-46B1-978C-2D461310BB1D}.Debug|x86.ActiveCfg = Debug|Any CPU
		{4F56C1A8-F0F0-46B1-978C-2D461310BB1D}.Release|Any CPU.ActiveCfg = Release|Any CPU
		{4F56C1A8-F0F0-46B1-978C-2D461310BB1D}.Release|Any CPU.Build.0 = Release|Any CPU
		{4F56C1A8-F0F0-46B1-978C-2D461310BB1D}.Release|Mixed Platforms.ActiveCfg = Release|Any CPU
		{4F56C1A8-F0F0-46B1-978C-2D461310BB1D}.Release|Mixed Platforms.Build.0 = Release|Any CPU
		{4F56C1A8-F0F0-46B1-978C-2D461310BB1D}.Release|x86.ActiveCfg = Release|Any CPU
		{A0E3A994-07CA-4EE8-B343-BA144F4A1FCA}.Debug|Any CPU.ActiveCfg = Debug|Any CPU
		{A0E3A994-07CA-4EE8-B343-BA144F4A1FCA}.Debug|Any CPU.Build.0 = Debug|Any CPU
		{A0E3A994-07CA-4EE8-B343-BA144F4A1FCA}.Debug|Mixed Platforms.ActiveCfg = Debug|Any CPU
		{A0E3A994-07CA-4EE8-B343-BA144F4A1FCA}.Debug|Mixed Platforms.Build.0 = Debug|Any CPU
		{A0E3A994-07CA-4EE8-B343-BA144F4A1FCA}.Debug|x86.ActiveCfg = Debug|Any CPU
		{A0E3A994-07CA-4EE8-B343-BA144F4A1FCA}.Release|Any CPU.ActiveCfg = Release|Any CPU
		{A0E3A994-07CA-4EE8-B343-BA144F4A1FCA}.Release|Any CPU.Build.0 = Release|Any CPU
		{A0E3A994-07CA-4EE8-B343-BA144F4A1FCA}.Release|Mixed Platforms.ActiveCfg = Release|Any CPU
		{A0E3A994-07CA-4EE8-B343-BA144F4A1FCA}.Release|Mixed Platforms.Build.0 = Release|Any CPU
		{A0E3A994-07CA-4EE8-B343-BA144F4A1FCA}.Release|x86.ActiveCfg = Release|Any CPU
		{2589CF02-8C88-479A-B334-F1D389C4484D}.Debug|Any CPU.ActiveCfg = Debug|Any CPU
		{2589CF02-8C88-479A-B334-F1D389C4484D}.Debug|Any CPU.Build.0 = Debug|Any CPU
		{2589CF02-8C88-479A-B334-F1D389C4484D}.Debug|Mixed Platforms.ActiveCfg = Debug|Any CPU
		{2589CF02-8C88-479A-B334-F1D389C4484D}.Debug|Mixed Platforms.Build.0 = Debug|Any CPU
		{2589CF02-8C88-479A-B334-F1D389C4484D}.Debug|x86.ActiveCfg = Debug|Any CPU
		{2589CF02-8C88-479A-B334-F1D389C4484D}.Release|Any CPU.ActiveCfg = Release|Any CPU
		{2589CF02-8C88-479A-B334-F1D389C4484D}.Release|Any CPU.Build.0 = Release|Any CPU
		{2589CF02-8C88-479A-B334-F1D389C4484D}.Release|Mixed Platforms.ActiveCfg = Release|Any CPU
		{2589CF02-8C88-479A-B334-F1D389C4484D}.Release|Mixed Platforms.Build.0 = Release|Any CPU
		{2589CF02-8C88-479A-B334-F1D389C4484D}.Release|x86.ActiveCfg = Release|Any CPU
		{C6F9C31B-6130-4443-A5CC-EF0664552ECD}.Debug|Any CPU.ActiveCfg = Debug|Any CPU
		{C6F9C31B-6130-4443-A5CC-EF0664552ECD}.Debug|Any CPU.Build.0 = Debug|Any CPU
		{C6F9C31B-6130-4443-A5CC-EF0664552ECD}.Debug|Mixed Platforms.ActiveCfg = Debug|Any CPU
		{C6F9C31B-6130-4443-A5CC-EF0664552ECD}.Debug|Mixed Platforms.Build.0 = Debug|Any CPU
		{C6F9C31B-6130-4443-A5CC-EF0664552ECD}.Debug|x86.ActiveCfg = Debug|Any CPU
		{C6F9C31B-6130-4443-A5CC-EF0664552ECD}.Release|Any CPU.ActiveCfg = Release|Any CPU
		{C6F9C31B-6130-4443-A5CC-EF0664552ECD}.Release|Any CPU.Build.0 = Release|Any CPU
		{C6F9C31B-6130-4443-A5CC-EF0664552ECD}.Release|Mixed Platforms.ActiveCfg = Release|Any CPU
		{C6F9C31B-6130-4443-A5CC-EF0664552ECD}.Release|Mixed Platforms.Build.0 = Release|Any CPU
		{C6F9C31B-6130-4443-A5CC-EF0664552ECD}.Release|x86.ActiveCfg = Release|Any CPU
		{617E95C8-3BDF-4D59-B21D-9280E1749049}.Debug|Any CPU.ActiveCfg = Debug|Any CPU
		{617E95C8-3BDF-4D59-B21D-9280E1749049}.Debug|Any CPU.Build.0 = Debug|Any CPU
		{617E95C8-3BDF-4D59-B21D-9280E1749049}.Debug|Mixed Platforms.ActiveCfg = Debug|Any CPU
		{617E95C8-3BDF-4D59-B21D-9280E1749049}.Debug|Mixed Platforms.Build.0 = Debug|Any CPU
		{617E95C8-3BDF-4D59-B21D-9280E1749049}.Debug|x86.ActiveCfg = Debug|Any CPU
		{617E95C8-3BDF-4D59-B21D-9280E1749049}.Release|Any CPU.ActiveCfg = Release|Any CPU
		{617E95C8-3BDF-4D59-B21D-9280E1749049}.Release|Any CPU.Build.0 = Release|Any CPU
		{617E95C8-3BDF-4D59-B21D-9280E1749049}.Release|Mixed Platforms.ActiveCfg = Release|Any CPU
		{617E95C8-3BDF-4D59-B21D-9280E1749049}.Release|Mixed Platforms.Build.0 = Release|Any CPU
		{617E95C8-3BDF-4D59-B21D-9280E1749049}.Release|x86.ActiveCfg = Release|Any CPU
		{4508C4D1-85BB-4F3F-9E3B-CC93D231C65D}.Debug|Any CPU.ActiveCfg = Debug|Any CPU
		{4508C4D1-85BB-4F3F-9E3B-CC93D231C65D}.Debug|Any CPU.Build.0 = Debug|Any CPU
		{4508C4D1-85BB-4F3F-9E3B-CC93D231C65D}.Debug|Mixed Platforms.ActiveCfg = Debug|Any CPU
		{4508C4D1-85BB-4F3F-9E3B-CC93D231C65D}.Debug|Mixed Platforms.Build.0 = Debug|Any CPU
		{4508C4D1-85BB-4F3F-9E3B-CC93D231C65D}.Debug|x86.ActiveCfg = Debug|Any CPU
		{4508C4D1-85BB-4F3F-9E3B-CC93D231C65D}.Release|Any CPU.ActiveCfg = Release|Any CPU
		{4508C4D1-85BB-4F3F-9E3B-CC93D231C65D}.Release|Any CPU.Build.0 = Release|Any CPU
		{4508C4D1-85BB-4F3F-9E3B-CC93D231C65D}.Release|Mixed Platforms.ActiveCfg = Release|Any CPU
		{4508C4D1-85BB-4F3F-9E3B-CC93D231C65D}.Release|Mixed Platforms.Build.0 = Release|Any CPU
		{4508C4D1-85BB-4F3F-9E3B-CC93D231C65D}.Release|x86.ActiveCfg = Release|Any CPU
	EndGlobalSection
	GlobalSection(SolutionProperties) = preSolution
		HideSolutionNode = FALSE
	EndGlobalSection
EndGlobal
